
Microsoft Visual Studio Solution File, Format Version 12.00
# Visual Studio Version 16
VisualStudioVersion = 16.0.29424.173
MinimumVisualStudioVersion = 10.0.40219.1
Project("{9A19103F-16F7-4668-BE54-9A1E7A4F7556}") = "AppAC.Domain", "AppAC.Domain\AppAC.Domain.csproj", "{273F9443-5AB9-4A04-9EFC-B2703E99DC1D}"
EndProject
Project("{9A19103F-16F7-4668-BE54-9A1E7A4F7556}") = "AppAC.Domain.Test", "AppAC.Domain.Test\AppAC.Domain.Test.csproj", "{0E89F434-5D2C-4626-AC2C-CD8C19EC80F6}"
EndProject
Project("{9A19103F-16F7-4668-BE54-9A1E7A4F7556}") = "AppAC.Application", "AppAc.Application\AppAC.Application.csproj", "{6A81F6AE-B946-4AB3-803E-1B9DADA500D2}"
EndProject
Project("{9A19103F-16F7-4668-BE54-9A1E7A4F7556}") = "AppAC.Application.Test", "AppAC.Application.Test\AppAC.Application.Test.csproj", "{9BE815F2-4C3C-42CD-B27A-7AA50B739E3F}"
EndProject
Project("{FAE04EC0-301F-11D3-BF4B-00C04F79EFBC}") = "AppAC.Infrastructure.Data", "AppAC.Infrastructure.Data\AppAC.Infrastructure.Data.csproj", "{18A9BA9C-A3A1-4B31-A890-80CD32AA9994}"
EndProject
Project("{FAE04EC0-301F-11D3-BF4B-00C04F79EFBC}") = "AppAC.Infrastructure.Systems", "AppAC.Infrastructure.Systems\AppAC.Infrastructure.Systems.csproj", "{2783D625-F9A9-4733-A581-1136BD49F218}"
EndProject
Global
	GlobalSection(SolutionConfigurationPlatforms) = preSolution
		Debug|Any CPU = Debug|Any CPU
		Release|Any CPU = Release|Any CPU
	EndGlobalSection
	GlobalSection(ProjectConfigurationPlatforms) = postSolution
		{273F9443-5AB9-4A04-9EFC-B2703E99DC1D}.Debug|Any CPU.ActiveCfg = Debug|Any CPU
		{273F9443-5AB9-4A04-9EFC-B2703E99DC1D}.Debug|Any CPU.Build.0 = Debug|Any CPU
		{273F9443-5AB9-4A04-9EFC-B2703E99DC1D}.Release|Any CPU.ActiveCfg = Release|Any CPU
		{273F9443-5AB9-4A04-9EFC-B2703E99DC1D}.Release|Any CPU.Build.0 = Release|Any CPU
		{0E89F434-5D2C-4626-AC2C-CD8C19EC80F6}.Debug|Any CPU.ActiveCfg = Debug|Any CPU
		{0E89F434-5D2C-4626-AC2C-CD8C19EC80F6}.Debug|Any CPU.Build.0 = Debug|Any CPU
		{0E89F434-5D2C-4626-AC2C-CD8C19EC80F6}.Release|Any CPU.ActiveCfg = Release|Any CPU
		{0E89F434-5D2C-4626-AC2C-CD8C19EC80F6}.Release|Any CPU.Build.0 = Release|Any CPU
		{6A81F6AE-B946-4AB3-803E-1B9DADA500D2}.Debug|Any CPU.ActiveCfg = Debug|Any CPU
		{6A81F6AE-B946-4AB3-803E-1B9DADA500D2}.Debug|Any CPU.Build.0 = Debug|Any CPU
		{6A81F6AE-B946-4AB3-803E-1B9DADA500D2}.Release|Any CPU.ActiveCfg = Release|Any CPU
		{6A81F6AE-B946-4AB3-803E-1B9DADA500D2}.Release|Any CPU.Build.0 = Release|Any CPU
		{9BE815F2-4C3C-42CD-B27A-7AA50B739E3F}.Debug|Any CPU.ActiveCfg = Debug|Any CPU
		{9BE815F2-4C3C-42CD-B27A-7AA50B739E3F}.Debug|Any CPU.Build.0 = Debug|Any CPU
		{9BE815F2-4C3C-42CD-B27A-7AA50B739E3F}.Release|Any CPU.ActiveCfg = Release|Any CPU
		{9BE815F2-4C3C-42CD-B27A-7AA50B739E3F}.Release|Any CPU.Build.0 = Release|Any CPU
		{18A9BA9C-A3A1-4B31-A890-80CD32AA9994}.Debug|Any CPU.ActiveCfg = Debug|Any CPU
		{18A9BA9C-A3A1-4B31-A890-80CD32AA9994}.Debug|Any CPU.Build.0 = Debug|Any CPU
		{18A9BA9C-A3A1-4B31-A890-80CD32AA9994}.Release|Any CPU.ActiveCfg = Release|Any CPU
		{18A9BA9C-A3A1-4B31-A890-80CD32AA9994}.Release|Any CPU.Build.0 = Release|Any CPU
		{2783D625-F9A9-4733-A581-1136BD49F218}.Debug|Any CPU.ActiveCfg = Debug|Any CPU
		{2783D625-F9A9-4733-A581-1136BD49F218}.Debug|Any CPU.Build.0 = Debug|Any CPU
		{2783D625-F9A9-4733-A581-1136BD49F218}.Release|Any CPU.ActiveCfg = Release|Any CPU
		{2783D625-F9A9-4733-A581-1136BD49F218}.Release|Any CPU.Build.0 = Release|Any CPU
	EndGlobalSection
	GlobalSection(SolutionProperties) = preSolution
		HideSolutionNode = FALSE
	EndGlobalSection
	GlobalSection(ExtensibilityGlobals) = postSolution
		SolutionGuid = {ABA66057-983C-4023-A321-04D3A7A8FB76}
	EndGlobalSection
EndGlobal
